
Microsoft Visual Studio Solution File, Format Version 12.00
# Visual Studio Version 16
VisualStudioVersion = 16.0.30907.101
MinimumVisualStudioVersion = 10.0.40219.1
Project("{FAE04EC0-301F-11D3-BF4B-00C04F79EFBC}") = "SportsStore", "SportsStore\SportsStore.csproj", "{D665A38B-23A2-4793-9E15-56D1F6656559}"
EndProject
Project("{FAE04EC0-301F-11D3-BF4B-00C04F79EFBC}") = "SportsStore.Tests", "SportsStore.Tests\SportsStore.Tests.csproj", "{CD26FCB7-5876-4F07-9370-99FE4BEF0268}"
EndProject
Global
	GlobalSection(SolutionConfigurationPlatforms) = preSolution
		Debug|Any CPU = Debug|Any CPU
		Release|Any CPU = Release|Any CPU
	EndGlobalSection
	GlobalSection(ProjectConfigurationPlatforms) = postSolution
		{D665A38B-23A2-4793-9E15-56D1F6656559}.Debug|Any CPU.ActiveCfg = Debug|Any CPU
		{D665A38B-23A2-4793-9E15-56D1F6656559}.Debug|Any CPU.Build.0 = Debug|Any CPU
		{D665A38B-23A2-4793-9E15-56D1F6656559}.Release|Any CPU.ActiveCfg = Release|Any CPU
		{D665A38B-23A2-4793-9E15-56D1F6656559}.Release|Any CPU.Build.0 = Release|Any CPU
		{CD26FCB7-5876-4F07-9370-99FE4BEF0268}.Debug|Any CPU.ActiveCfg = Debug|Any CPU
		{CD26FCB7-5876-4F07-9370-99FE4BEF0268}.Debug|Any CPU.Build.0 = Debug|Any CPU
		{CD26FCB7-5876-4F07-9370-99FE4BEF0268}.Release|Any CPU.ActiveCfg = Release|Any CPU
		{CD26FCB7-5876-4F07-9370-99FE4BEF0268}.Release|Any CPU.Build.0 = Release|Any CPU
	EndGlobalSection
	GlobalSection(SolutionProperties) = preSolution
		HideSolutionNode = FALSE
	EndGlobalSection
	GlobalSection(ExtensibilityGlobals) = postSolution
		SolutionGuid = {75B01ADD-9894-4960-86BC-A7788C29CA36}
	EndGlobalSection
EndGlobal
